<Solution>
  <Configurations>
    <Platform Name="x64" />
    <Platform Name="x86" />
  </Configurations>
  <Folder Name="/Solution Items/">
      <File Path="../README.md" />
      <File Path="../Documentation/SAL-Intro.md" />
      <File Path="../Documentation/How-to-Install.md" />
      <File Path="../Documentation/How-to-Use.md" />
  </Folder>
  <Project Path="ReverseText/ReverseText.vcxproj" />
</Solution>
